// !$*UTF8*$!
{
	archiveVersion = 1;
	classes = {
	};
	objectVersion = 50;
	objects = {

/* Begin PBXBuildFile section */
		3F07BDBC22CBAA4D00E128FB /* AppDelegate.swift in Sources */ = {isa = PBXBuildFile; fileRef = 3F07BDBB22CBAA4D00E128FB /* AppDelegate.swift */; };
		3F07BDBE22CBAA4D00E128FB /* ViewController.swift in Sources */ = {isa = PBXBuildFile; fileRef = 3F07BDBD22CBAA4D00E128FB /* ViewController.swift */; };
		3F07BDC122CBAA4D00E128FB /* Main.storyboard in Resources */ = {isa = PBXBuildFile; fileRef = 3F07BDBF22CBAA4D00E128FB /* Main.storyboard */; };
		3F07BDC322CBAA4E00E128FB /* Assets.xcassets in Resources */ = {isa = PBXBuildFile; fileRef = 3F07BDC222CBAA4E00E128FB /* Assets.xcassets */; };
		3F07BDC622CBAA4E00E128FB /* LaunchScreen.storyboard in Resources */ = {isa = PBXBuildFile; fileRef = 3F07BDC422CBAA4E00E128FB /* LaunchScreen.storyboard */; };
		3F07BDD122CBAA4E00E128FB /* MultiplicationsTests.swift in Sources */ = {isa = PBXBuildFile; fileRef = 3F07BDD022CBAA4E00E128FB /* MultiplicationsTests.swift */; };
		3F07BDDC22CBAA4E00E128FB /* MultiplicationsUITests.swift in Sources */ = {isa = PBXBuildFile; fileRef = 3F07BDDB22CBAA4E00E128FB /* MultiplicationsUITests.swift */; };
/* End PBXBuildFile section */

/* Begin PBXContainerItemProxy section */
		3F07BDCD22CBAA4E00E128FB /* PBXContainerItemProxy */ = {
			isa = PBXContainerItemProxy;
			containerPortal = 3F07BDB022CBAA4D00E128FB /* Project object */;
			proxyType = 1;
			remoteGlobalIDString = 3F07BDB722CBAA4D00E128FB;
			remoteInfo = Multiplications;
		};
		3F07BDD822CBAA4E00E128FB /* PBXContainerItemProxy */ = {
			isa = PBXContainerItemProxy;
			containerPortal = 3F07BDB022CBAA4D00E128FB /* Project object */;
			proxyType = 1;
			remoteGlobalIDString = 3F07BDB722CBAA4D00E128FB;
			remoteInfo = Multiplications;
		};
/* End PBXContainerItemProxy section */

/* Begin PBXFileReference section */
		3F07BDB822CBAA4D00E128FB /* Multiplications.app */ = {isa = PBXFileReference; explicitFileType = wrapper.application; includeInIndex = 0; path = Multiplications.app; sourceTree = BUILT_PRODUCTS_DIR; };
		3F07BDBB22CBAA4D00E128FB /* AppDelegate.swift */ = {isa = PBXFileReference; lastKnownFileType = sourcecode.swift; path = AppDelegate.swift; sourceTree = "<group>"; };
		3F07BDBD22CBAA4D00E128FB /* ViewController.swift */ = {isa = PBXFileReference; lastKnownFileType = sourcecode.swift; path = ViewController.swift; sourceTree = "<group>"; };
		3F07BDC022CBAA4D00E128FB /* Base */ = {isa = PBXFileReference; lastKnownFileType = file.storyboard; name = Base; path = Base.lproj/Main.storyboard; sourceTree = "<group>"; };
		3F07BDC222CBAA4E00E128FB /* Assets.xcassets */ = {isa = PBXFileReference; lastKnownFileType = folder.assetcatalog; path = Assets.xcassets; sourceTree = "<group>"; };
		3F07BDC522CBAA4E00E128FB /* Base */ = {isa = PBXFileReference; lastKnownFileType = file.storyboard; name = Base; path = Base.lproj/LaunchScreen.storyboard; sourceTree = "<group>"; };
		3F07BDC722CBAA4E00E128FB /* Info.plist */ = {isa = PBXFileReference; lastKnownFileType = text.plist.xml; path = Info.plist; sourceTree = "<group>"; };
		3F07BDCC22CBAA4E00E128FB /* MultiplicationsTests.xctest */ = {isa = PBXFileReference; explicitFileType = wrapper.cfbundle; includeInIndex = 0; path = MultiplicationsTests.xctest; sourceTree = BUILT_PRODUCTS_DIR; };
		3F07BDD022CBAA4E00E128FB /* MultiplicationsTests.swift */ = {isa = PBXFileReference; lastKnownFileType = sourcecode.swift; path = MultiplicationsTests.swift; sourceTree = "<group>"; };
		3F07BDD222CBAA4E00E128FB /* Info.plist */ = {isa = PBXFileReference; lastKnownFileType = text.plist.xml; path = Info.plist; sourceTree = "<group>"; };
		3F07BDD722CBAA4E00E128FB /* MultiplicationsUITests.xctest */ = {isa = PBXFileReference; explicitFileType = wrapper.cfbundle; includeInIndex = 0; path = MultiplicationsUITests.xctest; sourceTree = BUILT_PRODUCTS_DIR; };
		3F07BDDB22CBAA4E00E128FB /* MultiplicationsUITests.swift */ = {isa = PBXFileReference; lastKnownFileType = sourcecode.swift; path = MultiplicationsUITests.swift; sourceTree = "<group>"; };
		3F07BDDD22CBAA4E00E128FB /* Info.plist */ = {isa = PBXFileReference; lastKnownFileType = text.plist.xml; path = Info.plist; sourceTree = "<group>"; };
/* End PBXFileReference section */

/* Begin PBXFrameworksBuildPhase section */
		3F07BDB522CBAA4D00E128FB /* Frameworks */ = {
			isa = PBXFrameworksBuildPhase;
			buildActionMask = 2147483647;
			files = (
			);
			runOnlyForDeploymentPostprocessing = 0;
		};
		3F07BDC922CBAA4E00E128FB /* Frameworks */ = {
			isa = PBXFrameworksBuildPhase;
			buildActionMask = 2147483647;
			files = (
			);
			runOnlyForDeploymentPostprocessing = 0;
		};
		3F07BDD422CBAA4E00E128FB /* Frameworks */ = {
			isa = PBXFrameworksBuildPhase;
			buildActionMask = 2147483647;
			files = (
			);
			runOnlyForDeploymentPostprocessing = 0;
		};
/* End PBXFrameworksBuildPhase section */

/* Begin PBXGroup section */
		3F07BDAF22CBAA4D00E128FB = {
			isa = PBXGroup;
			children = (
				3F07BDBA22CBAA4D00E128FB /* Multiplications */,
				3F07BDCF22CBAA4E00E128FB /* MultiplicationsTests */,
				3F07BDDA22CBAA4E00E128FB /* MultiplicationsUITests */,
				3F07BDB922CBAA4D00E128FB /* Products */,
			);
			sourceTree = "<group>";
		};
		3F07BDB922CBAA4D00E128FB /* Products */ = {
			isa = PBXGroup;
			children = (
				3F07BDB822CBAA4D00E128FB /* Multiplications.app */,
				3F07BDCC22CBAA4E00E128FB /* MultiplicationsTests.xctest */,
				3F07BDD722CBAA4E00E128FB /* MultiplicationsUITests.xctest */,
			);
			name = Products;
			sourceTree = "<group>";
		};
		3F07BDBA22CBAA4D00E128FB /* Multiplications */ = {
			isa = PBXGroup;
			children = (
				3F07BDBB22CBAA4D00E128FB /* AppDelegate.swift */,
				3F07BDBD22CBAA4D00E128FB /* ViewController.swift */,
				3F07BDBF22CBAA4D00E128FB /* Main.storyboard */,
				3F07BDC222CBAA4E00E128FB /* Assets.xcassets */,
				3F07BDC422CBAA4E00E128FB /* LaunchScreen.storyboard */,
				3F07BDC722CBAA4E00E128FB /* Info.plist */,
			);
			path = Multiplications;
			sourceTree = "<group>";
		};
		3F07BDCF22CBAA4E00E128FB /* MultiplicationsTests */ = {
			isa = PBXGroup;
			children = (
				3F07BDD022CBAA4E00E128FB /* MultiplicationsTests.swift */,
				3F07BDD222CBAA4E00E128FB /* Info.plist */,
			);
			path = MultiplicationsTests;
			sourceTree = "<group>";
		};
		3F07BDDA22CBAA4E00E128FB /* MultiplicationsUITests */ = {
			isa = PBXGroup;
			children = (
				3F07BDDB22CBAA4E00E128FB /* MultiplicationsUITests.swift */,
				3F07BDDD22CBAA4E00E128FB /* Info.plist */,
			);
			path = MultiplicationsUITests;
			sourceTree = "<group>";
		};
/* End PBXGroup section */

/* Begin PBXNativeTarget section */
		3F07BDB722CBAA4D00E128FB /* Multiplications */ = {
			isa = PBXNativeTarget;
			buildConfigurationList = 3F07BDE022CBAA4E00E128FB /* Build configuration list for PBXNativeTarget "Multiplications" */;
			buildPhases = (
				3F07BDB422CBAA4D00E128FB /* Sources */,
				3F07BDB522CBAA4D00E128FB /* Frameworks */,
				3F07BDB622CBAA4D00E128FB /* Resources */,
			);
			buildRules = (
			);
			dependencies = (
			);
			name = Multiplications;
			productName = Multiplications;
			productReference = 3F07BDB822CBAA4D00E128FB /* Multiplications.app */;
			productType = "com.apple.product-type.application";
		};
		3F07BDCB22CBAA4E00E128FB /* MultiplicationsTests */ = {
			isa = PBXNativeTarget;
			buildConfigurationList = 3F07BDE322CBAA4E00E128FB /* Build configuration list for PBXNativeTarget "MultiplicationsTests" */;
			buildPhases = (
				3F07BDC822CBAA4E00E128FB /* Sources */,
				3F07BDC922CBAA4E00E128FB /* Frameworks */,
				3F07BDCA22CBAA4E00E128FB /* Resources */,
			);
			buildRules = (
			);
			dependencies = (
				3F07BDCE22CBAA4E00E128FB /* PBXTargetDependency */,
			);
			name = MultiplicationsTests;
			productName = MultiplicationsTests;
			productReference = 3F07BDCC22CBAA4E00E128FB /* MultiplicationsTests.xctest */;
			productType = "com.apple.product-type.bundle.unit-test";
		};
		3F07BDD622CBAA4E00E128FB /* MultiplicationsUITests */ = {
			isa = PBXNativeTarget;
			buildConfigurationList = 3F07BDE622CBAA4E00E128FB /* Build configuration list for PBXNativeTarget "MultiplicationsUITests" */;
			buildPhases = (
				3F07BDD322CBAA4E00E128FB /* Sources */,
				3F07BDD422CBAA4E00E128FB /* Frameworks */,
				3F07BDD522CBAA4E00E128FB /* Resources */,
			);
			buildRules = (
			);
			dependencies = (
				3F07BDD922CBAA4E00E128FB /* PBXTargetDependency */,
			);
			name = MultiplicationsUITests;
			productName = MultiplicationsUITests;
			productReference = 3F07BDD722CBAA4E00E128FB /* MultiplicationsUITests.xctest */;
			productType = "com.apple.product-type.bundle.ui-testing";
		};
/* End PBXNativeTarget section */

/* Begin PBXProject section */
		3F07BDB022CBAA4D00E128FB /* Project object */ = {
			isa = PBXProject;
			attributes = {
				LastSwiftUpdateCheck = 1010;
				LastUpgradeCheck = 1010;
				ORGANIZATIONNAME = student;
				TargetAttributes = {
					3F07BDB722CBAA4D00E128FB = {
						CreatedOnToolsVersion = 10.1;
					};
					3F07BDCB22CBAA4E00E128FB = {
						CreatedOnToolsVersion = 10.1;
						TestTargetID = 3F07BDB722CBAA4D00E128FB;
					};
					3F07BDD622CBAA4E00E128FB = {
						CreatedOnToolsVersion = 10.1;
						TestTargetID = 3F07BDB722CBAA4D00E128FB;
					};
				};
			};
			buildConfigurationList = 3F07BDB322CBAA4D00E128FB /* Build configuration list for PBXProject "Multiplications" */;
			compatibilityVersion = "Xcode 9.3";
			developmentRegion = en;
			hasScannedForEncodings = 0;
			knownRegions = (
				en,
				Base,
			);
			mainGroup = 3F07BDAF22CBAA4D00E128FB;
			productRefGroup = 3F07BDB922CBAA4D00E128FB /* Products */;
			projectDirPath = "";
			projectRoot = "";
			targets = (
				3F07BDB722CBAA4D00E128FB /* Multiplications */,
				3F07BDCB22CBAA4E00E128FB /* MultiplicationsTests */,
				3F07BDD622CBAA4E00E128FB /* MultiplicationsUITests */,
			);
		};
/* End PBXProject section */

/* Begin PBXResourcesBuildPhase section */
		3F07BDB622CBAA4D00E128FB /* Resources */ = {
			isa = PBXResourcesBuildPhase;
			buildActionMask = 2147483647;
			files = (
				3F07BDC622CBAA4E00E128FB /* LaunchScreen.storyboard in Resources */,
				3F07BDC322CBAA4E00E128FB /* Assets.xcassets in Resources */,
				3F07BDC122CBAA4D00E128FB /* Main.storyboard in Resources */,
			);
			runOnlyForDeploymentPostprocessing = 0;
		};
		3F07BDCA22CBAA4E00E128FB /* Resources */ = {
			isa = PBXResourcesBuildPhase;
			buildActionMask = 2147483647;
			files = (
			);
			runOnlyForDeploymentPostprocessing = 0;
		};
		3F07BDD522CBAA4E00E128FB /* Resources */ = {
			isa = PBXResourcesBuildPhase;
			buildActionMask = 2147483647;
			files = (
			);
			runOnlyForDeploymentPostprocessing = 0;
		};
/* End PBXResourcesBuildPhase section */

/* Begin PBXSourcesBuildPhase section */
		3F07BDB422CBAA4D00E128FB /* Sources */ = {
			isa = PBXSourcesBuildPhase;
			buildActionMask = 2147483647;
			files = (
				3F07BDBE22CBAA4D00E128FB /* ViewController.swift in Sources */,
				3F07BDBC22CBAA4D00E128FB /* AppDelegate.swift in Sources */,
			);
			runOnlyForDeploymentPostprocessing = 0;
		};
		3F07BDC822CBAA4E00E128FB /* Sources */ = {
			isa = PBXSourcesBuildPhase;
			buildActionMask = 2147483647;
			files = (
				3F07BDD122CBAA4E00E128FB /* MultiplicationsTests.swift in Sources */,
			);
			runOnlyForDeploymentPostprocessing = 0;
		};
		3F07BDD322CBAA4E00E128FB /* Sources */ = {
			isa = PBXSourcesBuildPhase;
			buildActionMask = 2147483647;
			files = (
				3F07BDDC22CBAA4E00E128FB /* MultiplicationsUITests.swift in Sources */,
			);
			runOnlyForDeploymentPostprocessing = 0;
		};
/* End PBXSourcesBuildPhase section */

/* Begin PBXTargetDependency section */
		3F07BDCE22CBAA4E00E128FB /* PBXTargetDependency */ = {
			isa = PBXTargetDependency;
			target = 3F07BDB722CBAA4D00E128FB /* Multiplications */;
			targetProxy = 3F07BDCD22CBAA4E00E128FB /* PBXContainerItemProxy */;
		};
		3F07BDD922CBAA4E00E128FB /* PBXTargetDependency */ = {
			isa = PBXTargetDependency;
			target = 3F07BDB722CBAA4D00E128FB /* Multiplications */;
			targetProxy = 3F07BDD822CBAA4E00E128FB /* PBXContainerItemProxy */;
		};
/* End PBXTargetDependency section */

/* Begin PBXVariantGroup section */
		3F07BDBF22CBAA4D00E128FB /* Main.storyboard */ = {
			isa = PBXVariantGroup;
			children = (
				3F07BDC022CBAA4D00E128FB /* Base */,
			);
			name = Main.storyboard;
			sourceTree = "<group>";
		};
		3F07BDC422CBAA4E00E128FB /* LaunchScreen.storyboard */ = {
			isa = PBXVariantGroup;
			children = (
				3F07BDC522CBAA4E00E128FB /* Base */,
			);
			name = LaunchScreen.storyboard;
			sourceTree = "<group>";
		};
/* End PBXVariantGroup section */

/* Begin XCBuildConfiguration section */
		3F07BDDE22CBAA4E00E128FB /* Debug */ = {
			isa = XCBuildConfiguration;
			buildSettings = {
				ALWAYS_SEARCH_USER_PATHS = NO;
				CLANG_ANALYZER_NONNULL = YES;
				CLANG_ANALYZER_NUMBER_OBJECT_CONVERSION = YES_AGGRESSIVE;
				CLANG_CXX_LANGUAGE_STANDARD = "gnu++14";
				CLANG_CXX_LIBRARY = "libc++";
				CLANG_ENABLE_MODULES = YES;
				CLANG_ENABLE_OBJC_ARC = YES;
				CLANG_ENABLE_OBJC_WEAK = YES;
				CLANG_WARN_BLOCK_CAPTURE_AUTORELEASING = YES;
				CLANG_WARN_BOOL_CONVERSION = YES;
				CLANG_WARN_COMMA = YES;
				CLANG_WARN_CONSTANT_CONVERSION = YES;
				CLANG_WARN_DEPRECATED_OBJC_IMPLEMENTATIONS = YES;
				CLANG_WARN_DIRECT_OBJC_ISA_USAGE = YES_ERROR;
				CLANG_WARN_DOCUMENTATION_COMMENTS = YES;
				CLANG_WARN_EMPTY_BODY = YES;
				CLANG_WARN_ENUM_CONVERSION = YES;
				CLANG_WARN_INFINITE_RECURSION = YES;
				CLANG_WARN_INT_CONVERSION = YES;
				CLANG_WARN_NON_LITERAL_NULL_CONVERSION = YES;
				CLANG_WARN_OBJC_IMPLICIT_RETAIN_SELF = YES;
				CLANG_WARN_OBJC_LITERAL_CONVERSION = YES;
				CLANG_WARN_OBJC_ROOT_CLASS = YES_ERROR;
				CLANG_WARN_RANGE_LOOP_ANALYSIS = YES;
				CLANG_WARN_STRICT_PROTOTYPES = YES;
				CLANG_WARN_SUSPICIOUS_MOVE = YES;
				CLANG_WARN_UNGUARDED_AVAILABILITY = YES_AGGRESSIVE;
				CLANG_WARN_UNREACHABLE_CODE = YES;
				CLANG_WARN__DUPLICATE_METHOD_MATCH = YES;
				CODE_SIGN_IDENTITY = "iPhone Developer";
				COPY_PHASE_STRIP = NO;
				DEBUG_INFORMATION_FORMAT = dwarf;
				ENABLE_STRICT_OBJC_MSGSEND = YES;
				ENABLE_TESTABILITY = YES;
				GCC_C_LANGUAGE_STANDARD = gnu11;
				GCC_DYNAMIC_NO_PIC = NO;
				GCC_NO_COMMON_BLOCKS = YES;
				GCC_OPTIMIZATION_LEVEL = 0;
				GCC_PREPROCESSOR_DEFINITIONS = (
					"DEBUG=1",
					"$(inherited)",
				);
				GCC_WARN_64_TO_32_BIT_CONVERSION = YES;
				GCC_WARN_ABOUT_RETURN_TYPE = YES_ERROR;
				GCC_WARN_UNDECLARED_SELECTOR = YES;
				GCC_WARN_UNINITIALIZED_AUTOS = YES_AGGRESSIVE;
				GCC_WARN_UNUSED_FUNCTION = YES;
				GCC_WARN_UNUSED_VARIABLE = YES;
				IPHONEOS_DEPLOYMENT_TARGET = 12.1;
				MTL_ENABLE_DEBUG_INFO = INCLUDE_SOURCE;
				MTL_FAST_MATH = YES;
				ONLY_ACTIVE_ARCH = YES;
				SDKROOT = iphoneos;
				SWIFT_ACTIVE_COMPILATION_CONDITIONS = DEBUG;
				SWIFT_OPTIMIZATION_LEVEL = "-Onone";
			};
			name = Debug;
		};
		3F07BDDF22CBAA4E00E128FB /* Release */ = {
			isa = XCBuildConfiguration;
			buildSettings = {
				ALWAYS_SEARCH_USER_PATHS = NO;
				CLANG_ANALYZER_NONNULL = YES;
				CLANG_ANALYZER_NUMBER_OBJECT_CONVERSION = YES_AGGRESSIVE;
				CLANG_CXX_LANGUAGE_STANDARD = "gnu++14";
				CLANG_CXX_LIBRARY = "libc++";
				CLANG_ENABLE_MODULES = YES;
				CLANG_ENABLE_OBJC_ARC = YES;
				CLANG_ENABLE_OBJC_WEAK = YES;
				CLANG_WARN_BLOCK_CAPTURE_AUTORELEASING = YES;
				CLANG_WARN_BOOL_CONVERSION = YES;
				CLANG_WARN_COMMA = YES;
				CLANG_WARN_CONSTANT_CONVERSION = YES;
				CLANG_WARN_DEPRECATED_OBJC_IMPLEMENTATIONS = YES;
				CLANG_WARN_DIRECT_OBJC_ISA_USAGE = YES_ERROR;
				CLANG_WARN_DOCUMENTATION_COMMENTS = YES;
				CLANG_WARN_EMPTY_BODY = YES;
				CLANG_WARN_ENUM_CONVERSION = YES;
				CLANG_WARN_INFINITE_RECURSION = YES;
				CLANG_WARN_INT_CONVERSION = YES;
				CLANG_WARN_NON_LITERAL_NULL_CONVERSION = YES;
				CLANG_WARN_OBJC_IMPLICIT_RETAIN_SELF = YES;
				CLANG_WARN_OBJC_LITERAL_CONVERSION = YES;
				CLANG_WARN_OBJC_ROOT_CLASS = YES_ERROR;
				CLANG_WARN_RANGE_LOOP_ANALYSIS = YES;
				CLANG_WARN_STRICT_PROTOTYPES = YES;
				CLANG_WARN_SUSPICIOUS_MOVE = YES;
				CLANG_WARN_UNGUARDED_AVAILABILITY = YES_AGGRESSIVE;
				CLANG_WARN_UNREACHABLE_CODE = YES;
				CLANG_WARN__DUPLICATE_METHOD_MATCH = YES;
				CODE_SIGN_IDENTITY = "iPhone Developer";
				COPY_PHASE_STRIP = NO;
				DEBUG_INFORMATION_FORMAT = "dwarf-with-dsym";
				ENABLE_NS_ASSERTIONS = NO;
				ENABLE_STRICT_OBJC_MSGSEND = YES;
				GCC_C_LANGUAGE_STANDARD = gnu11;
				GCC_NO_COMMON_BLOCKS = YES;
				GCC_WARN_64_TO_32_BIT_CONVERSION = YES;
				GCC_WARN_ABOUT_RETURN_TYPE = YES_ERROR;
				GCC_WARN_UNDECLARED_SELECTOR = YES;
				GCC_WARN_UNINITIALIZED_AUTOS = YES_AGGRESSIVE;
				GCC_WARN_UNUSED_FUNCTION = YES;
				GCC_WARN_UNUSED_VARIABLE = YES;
				IPHONEOS_DEPLOYMENT_TARGET = 12.1;
				MTL_ENABLE_DEBUG_INFO = NO;
				MTL_FAST_MATH = YES;
				SDKROOT = iphoneos;
				SWIFT_COMPILATION_MODE = wholemodule;
				SWIFT_OPTIMIZATION_LEVEL = "-O";
				VALIDATE_PRODUCT = YES;
			};
			name = Release;
		};
		3F07BDE122CBAA4E00E128FB /* Debug */ = {
			isa = XCBuildConfiguration;
			buildSettings = {
				ASSETCATALOG_COMPILER_APPICON_NAME = AppIcon;
				CODE_SIGN_STYLE = Automatic;
				INFOPLIST_FILE = Multiplications/Info.plist;
				LD_RUNPATH_SEARCH_PATHS = (
					"$(inherited)",
					"@executable_path/Frameworks",
				);
				PRODUCT_BUNDLE_IDENTIFIER = test.Multiplications;
				PRODUCT_NAME = "$(TARGET_NAME)";
				SWIFT_VERSION = 4.2;
				TARGETED_DEVICE_FAMILY = "1,2";
			};
			name = Debug;
		};
		3F07BDE222CBAA4E00E128FB /* Release */ = {
			isa = XCBuildConfiguration;
			buildSettings = {
				ASSETCATALOG_COMPILER_APPICON_NAME = AppIcon;
				CODE_SIGN_STYLE = Automatic;
				INFOPLIST_FILE = Multiplications/Info.plist;
				LD_RUNPATH_SEARCH_PATHS = (
					"$(inherited)",
					"@executable_path/Frameworks",
				);
				PRODUCT_BUNDLE_IDENTIFIER = test.Multiplications;
				PRODUCT_NAME = "$(TARGET_NAME)";
				SWIFT_VERSION = 4.2;
				TARGETED_DEVICE_FAMILY = "1,2";
			};
			name = Release;
		};
		3F07BDE422CBAA4E00E128FB /* Debug */ = {
			isa = XCBuildConfiguration;
			buildSettings = {
				ALWAYS_EMBED_SWIFT_STANDARD_LIBRARIES = YES;
				BUNDLE_LOADER = "$(TEST_HOST)";
				CODE_SIGN_STYLE = Automatic;
				INFOPLIST_FILE = MultiplicationsTests/Info.plist;
				LD_RUNPATH_SEARCH_PATHS = (
					"$(inherited)",
					"@executable_path/Frameworks",
					"@loader_path/Frameworks",
				);
				PRODUCT_BUNDLE_IDENTIFIER = test.MultiplicationsTests;
				PRODUCT_NAME = "$(TARGET_NAME)";
				SWIFT_VERSION = 4.2;
				TARGETED_DEVICE_FAMILY = "1,2";
				TEST_HOST = "$(BUILT_PRODUCTS_DIR)/Multiplications.app/Multiplications";
			};
			name = Debug;
		};
		3F07BDE522CBAA4E00E128FB /* Release */ = {
			isa = XCBuildConfiguration;
			buildSettings = {
				ALWAYS_EMBED_SWIFT_STANDARD_LIBRARIES = YES;
				BUNDLE_LOADER = "$(TEST_HOST)";
				CODE_SIGN_STYLE = Automatic;
				INFOPLIST_FILE = MultiplicationsTests/Info.plist;
				LD_RUNPATH_SEARCH_PATHS = (
					"$(inherited)",
					"@executable_path/Frameworks",
					"@loader_path/Frameworks",
				);
				PRODUCT_BUNDLE_IDENTIFIER = test.MultiplicationsTests;
				PRODUCT_NAME = "$(TARGET_NAME)";
				SWIFT_VERSION = 4.2;
				TARGETED_DEVICE_FAMILY = "1,2";
				TEST_HOST = "$(BUILT_PRODUCTS_DIR)/Multiplications.app/Multiplications";
			};
			name = Release;
		};
		3F07BDE722CBAA4E00E128FB /* Debug */ = {
			isa = XCBuildConfiguration;
			buildSettings = {
				ALWAYS_EMBED_SWIFT_STANDARD_LIBRARIES = YES;
				CODE_SIGN_STYLE = Automatic;
				INFOPLIST_FILE = MultiplicationsUITests/Info.plist;
				LD_RUNPATH_SEARCH_PATHS = (
					"$(inherited)",
					"@executable_path/Frameworks",
					"@loader_path/Frameworks",
				);
				PRODUCT_BUNDLE_IDENTIFIER = test.MultiplicationsUITests;
				PRODUCT_NAME = "$(TARGET_NAME)";
				SWIFT_VERSION = 4.2;
				TARGETED_DEVICE_FAMILY = "1,2";
				TEST_TARGET_NAME = Multiplications;
			};
			name = Debug;
		};
		3F07BDE822CBAA4E00E128FB /* Release */ = {
			isa = XCBuildConfiguration;
			buildSettings = {
				ALWAYS_EMBED_SWIFT_STANDARD_LIBRARIES = YES;
				CODE_SIGN_STYLE = Automatic;
				INFOPLIST_FILE = MultiplicationsUITests/Info.plist;
				LD_RUNPATH_SEARCH_PATHS = (
					"$(inherited)",
					"@executable_path/Frameworks",
					"@loader_path/Frameworks",
				);
				PRODUCT_BUNDLE_IDENTIFIER = test.MultiplicationsUITests;
				PRODUCT_NAME = "$(TARGET_NAME)";
				SWIFT_VERSION = 4.2;
				TARGETED_DEVICE_FAMILY = "1,2";
				TEST_TARGET_NAME = Multiplications;
			};
			name = Release;
		};
/* End XCBuildConfiguration section */

/* Begin XCConfigurationList section */
		3F07BDB322CBAA4D00E128FB /* Build configuration list for PBXProject "Multiplications" */ = {
			isa = XCConfigurationList;
			buildConfigurations = (
				3F07BDDE22CBAA4E00E128FB /* Debug */,
				3F07BDDF22CBAA4E00E128FB /* Release */,
			);
			defaultConfigurationIsVisible = 0;
			defaultConfigurationName = Release;
		};
		3F07BDE022CBAA4E00E128FB /* Build configuration list for PBXNativeTarget "Multiplications" */ = {
			isa = XCConfigurationList;
			buildConfigurations = (
				3F07BDE122CBAA4E00E128FB /* Debug */,
				3F07BDE222CBAA4E00E128FB /* Release */,
			);
			defaultConfigurationIsVisible = 0;
			defaultConfigurationName = Release;
		};
		3F07BDE322CBAA4E00E128FB /* Build configuration list for PBXNativeTarget "MultiplicationsTests" */ = {
			isa = XCConfigurationList;
			buildConfigurations = (
				3F07BDE422CBAA4E00E128FB /* Debug */,
				3F07BDE522CBAA4E00E128FB /* Release */,
			);
			defaultConfigurationIsVisible = 0;
			defaultConfigurationName = Release;
		};
		3F07BDE622CBAA4E00E128FB /* Build configuration list for PBXNativeTarget "MultiplicationsUITests" */ = {
			isa = XCConfigurationList;
			buildConfigurations = (
				3F07BDE722CBAA4E00E128FB /* Debug */,
				3F07BDE822CBAA4E00E128FB /* Release */,
			);
			defaultConfigurationIsVisible = 0;
			defaultConfigurationName = Release;
		};
/* End XCConfigurationList section */
	};
	rootObject = 3F07BDB022CBAA4D00E128FB /* Project object */;
}
